
Microsoft Visual Studio Solution File, Format Version 12.00
# Visual Studio Version 16
VisualStudioVersion = 16.0.30413.136
MinimumVisualStudioVersion = 10.0.40219.1
Project("{FAE04EC0-301F-11D3-BF4B-00C04F79EFBC}") = "registroPontoConsole", "registroPontoConsole.csproj", "{A624D9B3-C1CF-4623-8A89-7FFA375867FA}"
EndProject
Global
	GlobalSection(SolutionConfigurationPlatforms) = preSolution
		Debug|Any CPU = Debug|Any CPU
		Release|Any CPU = Release|Any CPU
	EndGlobalSection
	GlobalSection(ProjectConfigurationPlatforms) = postSolution
		{A624D9B3-C1CF-4623-8A89-7FFA375867FA}.Debug|Any CPU.ActiveCfg = Debug|Any CPU
		{A624D9B3-C1CF-4623-8A89-7FFA375867FA}.Debug|Any CPU.Build.0 = Debug|Any CPU
		{A624D9B3-C1CF-4623-8A89-7FFA375867FA}.Release|Any CPU.ActiveCfg = Release|Any CPU
		{A624D9B3-C1CF-4623-8A89-7FFA375867FA}.Release|Any CPU.Build.0 = Release|Any CPU
	EndGlobalSection
	GlobalSection(SolutionProperties) = preSolution
		HideSolutionNode = FALSE
	EndGlobalSection
	GlobalSection(ExtensibilityGlobals) = postSolution
		SolutionGuid = {655F3662-F8FD-417C-899D-C856373F1012}
	EndGlobalSection
EndGlobal
